
Microsoft Visual Studio Solution File, Format Version 12.00
# Visual Studio Version 17
VisualStudioVersion = 17.10.34928.147
MinimumVisualStudioVersion = 10.0.40219.1
Project("{2150E333-8FDC-42A3-9474-1A3956D46DE8}") = "src", "src", "{C3D10665-FD4A-41D3-AD20-12B417F8DA15}"
EndProject
Project("{2150E333-8FDC-42A3-9474-1A3956D46DE8}") = "Auction", "Auction", "{523DE932-0934-4FB4-80FC-0C9A1593A7C7}"
EndProject
Project("{9A19103F-16F7-4668-BE54-9A1E7A4F7556}") = "AuctionService", "backend\src\Auction\AuctionService\AuctionService.csproj", "{2278C4EE-D9ED-4017-A1BA-BD484638C938}"
EndProject
Project("{2150E333-8FDC-42A3-9474-1A3956D46DE8}") = "Search", "Search", "{2B4FDEE6-934D-4DEF-B6A2-E79EA430F645}"
EndProject
Project("{FAE04EC0-301F-11D3-BF4B-00C04F79EFBC}") = "SearchService", "backend\src\Search\SearchService\SearchService.csproj", "{1E7F93C7-241C-45B1-A03E-57A3688D9B5F}"
EndProject
Global
	GlobalSection(SolutionConfigurationPlatforms) = preSolution
		Debug|Any CPU = Debug|Any CPU
		Release|Any CPU = Release|Any CPU
	EndGlobalSection
	GlobalSection(ProjectConfigurationPlatforms) = postSolution
		{2278C4EE-D9ED-4017-A1BA-BD484638C938}.Debug|Any CPU.ActiveCfg = Debug|Any CPU
		{2278C4EE-D9ED-4017-A1BA-BD484638C938}.Debug|Any CPU.Build.0 = Debug|Any CPU
		{2278C4EE-D9ED-4017-A1BA-BD484638C938}.Release|Any CPU.ActiveCfg = Release|Any CPU
		{2278C4EE-D9ED-4017-A1BA-BD484638C938}.Release|Any CPU.Build.0 = Release|Any CPU
		{1E7F93C7-241C-45B1-A03E-57A3688D9B5F}.Debug|Any CPU.ActiveCfg = Debug|Any CPU
		{1E7F93C7-241C-45B1-A03E-57A3688D9B5F}.Debug|Any CPU.Build.0 = Debug|Any CPU
		{1E7F93C7-241C-45B1-A03E-57A3688D9B5F}.Release|Any CPU.ActiveCfg = Release|Any CPU
		{1E7F93C7-241C-45B1-A03E-57A3688D9B5F}.Release|Any CPU.Build.0 = Release|Any CPU
	EndGlobalSection
	GlobalSection(SolutionProperties) = preSolution
		HideSolutionNode = FALSE
	EndGlobalSection
	GlobalSection(NestedProjects) = preSolution
		{523DE932-0934-4FB4-80FC-0C9A1593A7C7} = {C3D10665-FD4A-41D3-AD20-12B417F8DA15}
		{2278C4EE-D9ED-4017-A1BA-BD484638C938} = {523DE932-0934-4FB4-80FC-0C9A1593A7C7}
		{2B4FDEE6-934D-4DEF-B6A2-E79EA430F645} = {C3D10665-FD4A-41D3-AD20-12B417F8DA15}
		{1E7F93C7-241C-45B1-A03E-57A3688D9B5F} = {2B4FDEE6-934D-4DEF-B6A2-E79EA430F645}
	EndGlobalSection
	GlobalSection(ExtensibilityGlobals) = postSolution
		SolutionGuid = {19A41971-28E5-4FFA-9F4C-548A256E34D1}
	EndGlobalSection
EndGlobal
